
Microsoft Visual Studio Solution File, Format Version 12.00
# Visual Studio Version 17
VisualStudioVersion = 17.14.36310.24 d17.14
MinimumVisualStudioVersion = 10.0.40219.1
Project("{FAE04EC0-301F-11D3-BF4B-00C04F79EFBC}") = "Practice11", "Practice11\Practice11.csproj", "{4FD7DFC1-8048-49F1-B78D-CB460CD35B0B}"
EndProject
Project("{FAE04EC0-301F-11D3-BF4B-00C04F79EFBC}") = "Area", "..\Area\Area.csproj", "{8C69C9E0-E0F5-4FD6-8992-6F69040BD9EF}"
EndProject
Global
	GlobalSection(SolutionConfigurationPlatforms) = preSolution
		Debug|Any CPU = Debug|Any CPU
		Release|Any CPU = Release|Any CPU
	EndGlobalSection
	GlobalSection(ProjectConfigurationPlatforms) = postSolution
		{4FD7DFC1-8048-49F1-B78D-CB460CD35B0B}.Debug|Any CPU.ActiveCfg = Debug|Any CPU
		{4FD7DFC1-8048-49F1-B78D-CB460CD35B0B}.Debug|Any CPU.Build.0 = Debug|Any CPU
		{4FD7DFC1-8048-49F1-B78D-CB460CD35B0B}.Release|Any CPU.ActiveCfg = Release|Any CPU
		{4FD7DFC1-8048-49F1-B78D-CB460CD35B0B}.Release|Any CPU.Build.0 = Release|Any CPU
		{8C69C9E0-E0F5-4FD6-8992-6F69040BD9EF}.Debug|Any CPU.ActiveCfg = Debug|Any CPU
		{8C69C9E0-E0F5-4FD6-8992-6F69040BD9EF}.Debug|Any CPU.Build.0 = Debug|Any CPU
		{8C69C9E0-E0F5-4FD6-8992-6F69040BD9EF}.Release|Any CPU.ActiveCfg = Release|Any CPU
		{8C69C9E0-E0F5-4FD6-8992-6F69040BD9EF}.Release|Any CPU.Build.0 = Release|Any CPU
	EndGlobalSection
	GlobalSection(SolutionProperties) = preSolution
		HideSolutionNode = FALSE
	EndGlobalSection
	GlobalSection(ExtensibilityGlobals) = postSolution
		SolutionGuid = {11AE8713-C147-4FFE-86BB-CCEA3E401BE7}
	EndGlobalSection
EndGlobal
