
Microsoft Visual Studio Solution File, Format Version 12.00
# Visual Studio Version 17
VisualStudioVersion = 17.14.36310.24 d17.14
MinimumVisualStudioVersion = 10.0.40219.1
Project("{FAE04EC0-301F-11D3-BF4B-00C04F79EFBC}") = "EPL", "EPL\EPL.csproj", "{C12C30CD-B261-4D52-8AE5-55CA8DECDA53}"
EndProject
Global
	GlobalSection(SolutionConfigurationPlatforms) = preSolution
		Debug|Any CPU = Debug|Any CPU
		Release|Any CPU = Release|Any CPU
	EndGlobalSection
	GlobalSection(ProjectConfigurationPlatforms) = postSolution
		{C12C30CD-B261-4D52-8AE5-55CA8DECDA53}.Debug|Any CPU.ActiveCfg = Debug|Any CPU
		{C12C30CD-B261-4D52-8AE5-55CA8DECDA53}.Debug|Any CPU.Build.0 = Debug|Any CPU
		{C12C30CD-B261-4D52-8AE5-55CA8DECDA53}.Release|Any CPU.ActiveCfg = Release|Any CPU
		{C12C30CD-B261-4D52-8AE5-55CA8DECDA53}.Release|Any CPU.Build.0 = Release|Any CPU
	EndGlobalSection
	GlobalSection(SolutionProperties) = preSolution
		HideSolutionNode = FALSE
	EndGlobalSection
	GlobalSection(ExtensibilityGlobals) = postSolution
		SolutionGuid = {4FAA4DEF-53A8-4F41-8638-CC1667242BCC}
	EndGlobalSection
EndGlobal
