
Microsoft Visual Studio Solution File, Format Version 12.00
# Visual Studio Version 17
VisualStudioVersion = 17.14.36310.24 d17.14
MinimumVisualStudioVersion = 10.0.40219.1
Project("{FAE04EC0-301F-11D3-BF4B-00C04F79EFBC}") = "Basic", "Basic\Basic.csproj", "{61534E3A-8085-43E3-8320-D983FA0AC624}"
EndProject
Global
	GlobalSection(SolutionConfigurationPlatforms) = preSolution
		Debug|Any CPU = Debug|Any CPU
		Release|Any CPU = Release|Any CPU
	EndGlobalSection
	GlobalSection(ProjectConfigurationPlatforms) = postSolution
		{61534E3A-8085-43E3-8320-D983FA0AC624}.Debug|Any CPU.ActiveCfg = Debug|Any CPU
		{61534E3A-8085-43E3-8320-D983FA0AC624}.Debug|Any CPU.Build.0 = Debug|Any CPU
		{61534E3A-8085-43E3-8320-D983FA0AC624}.Release|Any CPU.ActiveCfg = Release|Any CPU
		{61534E3A-8085-43E3-8320-D983FA0AC624}.Release|Any CPU.Build.0 = Release|Any CPU
	EndGlobalSection
	GlobalSection(SolutionProperties) = preSolution
		HideSolutionNode = FALSE
	EndGlobalSection
	GlobalSection(ExtensibilityGlobals) = postSolution
		SolutionGuid = {8E444024-A84E-4A41-BF6B-709376CA10C4}
	EndGlobalSection
EndGlobal
