
Microsoft Visual Studio Solution File, Format Version 12.00
# Visual Studio Version 17
VisualStudioVersion = 17.14.36310.24 d17.14
MinimumVisualStudioVersion = 10.0.40219.1
Project("{FAE04EC0-301F-11D3-BF4B-00C04F79EFBC}") = "DemoClsss", "DemoClsss\DemoClsss.csproj", "{F4B61B9A-973E-488A-9996-CB1BB2D8A518}"
EndProject
Global
	GlobalSection(SolutionConfigurationPlatforms) = preSolution
		Debug|Any CPU = Debug|Any CPU
		Release|Any CPU = Release|Any CPU
	EndGlobalSection
	GlobalSection(ProjectConfigurationPlatforms) = postSolution
		{F4B61B9A-973E-488A-9996-CB1BB2D8A518}.Debug|Any CPU.ActiveCfg = Debug|Any CPU
		{F4B61B9A-973E-488A-9996-CB1BB2D8A518}.Debug|Any CPU.Build.0 = Debug|Any CPU
		{F4B61B9A-973E-488A-9996-CB1BB2D8A518}.Release|Any CPU.ActiveCfg = Release|Any CPU
		{F4B61B9A-973E-488A-9996-CB1BB2D8A518}.Release|Any CPU.Build.0 = Release|Any CPU
	EndGlobalSection
	GlobalSection(SolutionProperties) = preSolution
		HideSolutionNode = FALSE
	EndGlobalSection
	GlobalSection(ExtensibilityGlobals) = postSolution
		SolutionGuid = {C34F6A66-BD28-49F0-96B2-5CA3A73FC568}
	EndGlobalSection
EndGlobal
