
Microsoft Visual Studio Solution File, Format Version 12.00
# Visual Studio Version 17
VisualStudioVersion = 17.14.36310.24 d17.14
MinimumVisualStudioVersion = 10.0.40219.1
Project("{FAE04EC0-301F-11D3-BF4B-00C04F79EFBC}") = "Advance Calculator", "Advance Calculator\Advance Calculator.csproj", "{49AD50B5-9048-4BD1-B8F6-E8F6EABC6B2E}"
EndProject
Global
	GlobalSection(SolutionConfigurationPlatforms) = preSolution
		Debug|Any CPU = Debug|Any CPU
		Release|Any CPU = Release|Any CPU
	EndGlobalSection
	GlobalSection(ProjectConfigurationPlatforms) = postSolution
		{49AD50B5-9048-4BD1-B8F6-E8F6EABC6B2E}.Debug|Any CPU.ActiveCfg = Debug|Any CPU
		{49AD50B5-9048-4BD1-B8F6-E8F6EABC6B2E}.Debug|Any CPU.Build.0 = Debug|Any CPU
		{49AD50B5-9048-4BD1-B8F6-E8F6EABC6B2E}.Release|Any CPU.ActiveCfg = Release|Any CPU
		{49AD50B5-9048-4BD1-B8F6-E8F6EABC6B2E}.Release|Any CPU.Build.0 = Release|Any CPU
	EndGlobalSection
	GlobalSection(SolutionProperties) = preSolution
		HideSolutionNode = FALSE
	EndGlobalSection
	GlobalSection(ExtensibilityGlobals) = postSolution
		SolutionGuid = {3E565903-DBF3-4AB3-B5C7-EF35CC5A4F3C}
	EndGlobalSection
EndGlobal
