
Microsoft Visual Studio Solution File, Format Version 12.00
# Visual Studio Version 17
VisualStudioVersion = 17.14.36310.24 d17.14
MinimumVisualStudioVersion = 10.0.40219.1
Project("{FAE04EC0-301F-11D3-BF4B-00C04F79EFBC}") = "Advance Struct & Enum", "Advance Struct & Enum\Advance Struct & Enum.csproj", "{50E806C8-741F-45C8-84FD-D2FB093AA3B6}"
EndProject
Global
	GlobalSection(SolutionConfigurationPlatforms) = preSolution
		Debug|Any CPU = Debug|Any CPU
		Release|Any CPU = Release|Any CPU
	EndGlobalSection
	GlobalSection(ProjectConfigurationPlatforms) = postSolution
		{50E806C8-741F-45C8-84FD-D2FB093AA3B6}.Debug|Any CPU.ActiveCfg = Debug|Any CPU
		{50E806C8-741F-45C8-84FD-D2FB093AA3B6}.Debug|Any CPU.Build.0 = Debug|Any CPU
		{50E806C8-741F-45C8-84FD-D2FB093AA3B6}.Release|Any CPU.ActiveCfg = Release|Any CPU
		{50E806C8-741F-45C8-84FD-D2FB093AA3B6}.Release|Any CPU.Build.0 = Release|Any CPU
	EndGlobalSection
	GlobalSection(SolutionProperties) = preSolution
		HideSolutionNode = FALSE
	EndGlobalSection
	GlobalSection(ExtensibilityGlobals) = postSolution
		SolutionGuid = {50135F41-EE48-4349-8D5B-BC714F24DD59}
	EndGlobalSection
EndGlobal
