
Microsoft Visual Studio Solution File, Format Version 12.00
# Visual Studio Version 17
VisualStudioVersion = 17.14.36310.24 d17.14
MinimumVisualStudioVersion = 10.0.40219.1
Project("{FAE04EC0-301F-11D3-BF4B-00C04F79EFBC}") = "WindowsFormsApp1", "WindowsFormsApp1\WindowsFormsApp1.csproj", "{841522CD-3A78-4DCE-B8C2-DE01586D8344}"
EndProject
Global
	GlobalSection(SolutionConfigurationPlatforms) = preSolution
		Debug|Any CPU = Debug|Any CPU
		Release|Any CPU = Release|Any CPU
	EndGlobalSection
	GlobalSection(ProjectConfigurationPlatforms) = postSolution
		{841522CD-3A78-4DCE-B8C2-DE01586D8344}.Debug|Any CPU.ActiveCfg = Debug|Any CPU
		{841522CD-3A78-4DCE-B8C2-DE01586D8344}.Debug|Any CPU.Build.0 = Debug|Any CPU
		{841522CD-3A78-4DCE-B8C2-DE01586D8344}.Release|Any CPU.ActiveCfg = Release|Any CPU
		{841522CD-3A78-4DCE-B8C2-DE01586D8344}.Release|Any CPU.Build.0 = Release|Any CPU
	EndGlobalSection
	GlobalSection(SolutionProperties) = preSolution
		HideSolutionNode = FALSE
	EndGlobalSection
	GlobalSection(ExtensibilityGlobals) = postSolution
		SolutionGuid = {D4ACDAC4-CE71-4954-B054-42F4CF9EF293}
	EndGlobalSection
EndGlobal
