
Microsoft Visual Studio Solution File, Format Version 12.00
# Visual Studio Version 17
VisualStudioVersion = 17.14.36310.24 d17.14
MinimumVisualStudioVersion = 10.0.40219.1
Project("{FAE04EC0-301F-11D3-BF4B-00C04F79EFBC}") = "Complex Jagged", "Complex Jagged\Complex Jagged.csproj", "{4B852ACF-D67E-4210-9EF3-869BCB8C5523}"
EndProject
Global
	GlobalSection(SolutionConfigurationPlatforms) = preSolution
		Debug|Any CPU = Debug|Any CPU
		Release|Any CPU = Release|Any CPU
	EndGlobalSection
	GlobalSection(ProjectConfigurationPlatforms) = postSolution
		{4B852ACF-D67E-4210-9EF3-869BCB8C5523}.Debug|Any CPU.ActiveCfg = Debug|Any CPU
		{4B852ACF-D67E-4210-9EF3-869BCB8C5523}.Debug|Any CPU.Build.0 = Debug|Any CPU
		{4B852ACF-D67E-4210-9EF3-869BCB8C5523}.Release|Any CPU.ActiveCfg = Release|Any CPU
		{4B852ACF-D67E-4210-9EF3-869BCB8C5523}.Release|Any CPU.Build.0 = Release|Any CPU
	EndGlobalSection
	GlobalSection(SolutionProperties) = preSolution
		HideSolutionNode = FALSE
	EndGlobalSection
	GlobalSection(ExtensibilityGlobals) = postSolution
		SolutionGuid = {4C2B6812-F03C-4AD8-941B-96C7739C4717}
	EndGlobalSection
EndGlobal
