
Microsoft Visual Studio Solution File, Format Version 12.00
# Visual Studio Version 17
VisualStudioVersion = 17.14.36310.24 d17.14
MinimumVisualStudioVersion = 10.0.40219.1
Project("{FAE04EC0-301F-11D3-BF4B-00C04F79EFBC}") = "parctic", "parctic\parctic.csproj", "{17220791-5743-48EB-8C5B-0A46A85A767C}"
EndProject
Global
	GlobalSection(SolutionConfigurationPlatforms) = preSolution
		Debug|Any CPU = Debug|Any CPU
		Release|Any CPU = Release|Any CPU
	EndGlobalSection
	GlobalSection(ProjectConfigurationPlatforms) = postSolution
		{17220791-5743-48EB-8C5B-0A46A85A767C}.Debug|Any CPU.ActiveCfg = Debug|Any CPU
		{17220791-5743-48EB-8C5B-0A46A85A767C}.Debug|Any CPU.Build.0 = Debug|Any CPU
		{17220791-5743-48EB-8C5B-0A46A85A767C}.Release|Any CPU.ActiveCfg = Release|Any CPU
		{17220791-5743-48EB-8C5B-0A46A85A767C}.Release|Any CPU.Build.0 = Release|Any CPU
	EndGlobalSection
	GlobalSection(SolutionProperties) = preSolution
		HideSolutionNode = FALSE
	EndGlobalSection
	GlobalSection(ExtensibilityGlobals) = postSolution
		SolutionGuid = {6A3DDAEA-E554-493B-A623-CE604B3158BE}
	EndGlobalSection
EndGlobal
