
Microsoft Visual Studio Solution File, Format Version 12.00
# Visual Studio Version 17
VisualStudioVersion = 17.14.36310.24 d17.14
MinimumVisualStudioVersion = 10.0.40219.1
Project("{FAE04EC0-301F-11D3-BF4B-00C04F79EFBC}") = "Access Modifier 2", "Access Modifier 2\Access Modifier 2.csproj", "{F5E5B8B2-B946-47E5-98C0-D45730664AD3}"
EndProject
Global
	GlobalSection(SolutionConfigurationPlatforms) = preSolution
		Debug|Any CPU = Debug|Any CPU
		Release|Any CPU = Release|Any CPU
	EndGlobalSection
	GlobalSection(ProjectConfigurationPlatforms) = postSolution
		{F5E5B8B2-B946-47E5-98C0-D45730664AD3}.Debug|Any CPU.ActiveCfg = Debug|Any CPU
		{F5E5B8B2-B946-47E5-98C0-D45730664AD3}.Debug|Any CPU.Build.0 = Debug|Any CPU
		{F5E5B8B2-B946-47E5-98C0-D45730664AD3}.Release|Any CPU.ActiveCfg = Release|Any CPU
		{F5E5B8B2-B946-47E5-98C0-D45730664AD3}.Release|Any CPU.Build.0 = Release|Any CPU
	EndGlobalSection
	GlobalSection(SolutionProperties) = preSolution
		HideSolutionNode = FALSE
	EndGlobalSection
	GlobalSection(ExtensibilityGlobals) = postSolution
		SolutionGuid = {FE509F13-524A-486B-A0BE-58F07DC5FA83}
	EndGlobalSection
EndGlobal
