
Microsoft Visual Studio Solution File, Format Version 12.00
# Visual Studio Version 17
VisualStudioVersion = 17.14.36310.24 d17.14
MinimumVisualStudioVersion = 10.0.40219.1
Project("{FAE04EC0-301F-11D3-BF4B-00C04F79EFBC}") = "DemoClasss1", "DemoClasss1\DemoClasss1.csproj", "{F722880A-AD2B-4A6F-918A-1AA053B904B4}"
EndProject
Global
	GlobalSection(SolutionConfigurationPlatforms) = preSolution
		Debug|Any CPU = Debug|Any CPU
		Release|Any CPU = Release|Any CPU
	EndGlobalSection
	GlobalSection(ProjectConfigurationPlatforms) = postSolution
		{F722880A-AD2B-4A6F-918A-1AA053B904B4}.Debug|Any CPU.ActiveCfg = Debug|Any CPU
		{F722880A-AD2B-4A6F-918A-1AA053B904B4}.Debug|Any CPU.Build.0 = Debug|Any CPU
		{F722880A-AD2B-4A6F-918A-1AA053B904B4}.Release|Any CPU.ActiveCfg = Release|Any CPU
		{F722880A-AD2B-4A6F-918A-1AA053B904B4}.Release|Any CPU.Build.0 = Release|Any CPU
	EndGlobalSection
	GlobalSection(SolutionProperties) = preSolution
		HideSolutionNode = FALSE
	EndGlobalSection
	GlobalSection(ExtensibilityGlobals) = postSolution
		SolutionGuid = {D56839C0-5B60-4280-BCC6-104BCD331CAF}
	EndGlobalSection
EndGlobal
