
Microsoft Visual Studio Solution File, Format Version 12.00
# Visual Studio Version 17
VisualStudioVersion = 17.14.36310.24 d17.14
MinimumVisualStudioVersion = 10.0.40219.1
Project("{FAE04EC0-301F-11D3-BF4B-00C04F79EFBC}") = "Class_Code", "Class_Code\Class_Code.csproj", "{B248655B-43BF-4955-B1BE-FD0991BB94FD}"
EndProject
Global
	GlobalSection(SolutionConfigurationPlatforms) = preSolution
		Debug|Any CPU = Debug|Any CPU
		Release|Any CPU = Release|Any CPU
	EndGlobalSection
	GlobalSection(ProjectConfigurationPlatforms) = postSolution
		{B248655B-43BF-4955-B1BE-FD0991BB94FD}.Debug|Any CPU.ActiveCfg = Debug|Any CPU
		{B248655B-43BF-4955-B1BE-FD0991BB94FD}.Debug|Any CPU.Build.0 = Debug|Any CPU
		{B248655B-43BF-4955-B1BE-FD0991BB94FD}.Release|Any CPU.ActiveCfg = Release|Any CPU
		{B248655B-43BF-4955-B1BE-FD0991BB94FD}.Release|Any CPU.Build.0 = Release|Any CPU
	EndGlobalSection
	GlobalSection(SolutionProperties) = preSolution
		HideSolutionNode = FALSE
	EndGlobalSection
	GlobalSection(ExtensibilityGlobals) = postSolution
		SolutionGuid = {6D8EC088-56BF-464E-B94D-9E3CDDD072F1}
	EndGlobalSection
EndGlobal
